// !$*UTF8*$!
{
	archiveVersion = 1;
	classes = {
	};
	objectVersion = 50;
	objects = {

/* Begin PBXBuildFile section */
		344AC4372165056400E203A2 /* MovieViewController.swift in Sources */ = {isa = PBXBuildFile; fileRef = 344AC4362165056400E203A2 /* MovieViewController.swift */; };
		344F470D21664EC7004EC57C /* MovieDetailsRM.swift in Sources */ = {isa = PBXBuildFile; fileRef = 344F470C21664EC7004EC57C /* MovieDetailsRM.swift */; };
		344F470F2166A64D004EC57C /* MoviesViewController.swift in Sources */ = {isa = PBXBuildFile; fileRef = 344F470E2166A64D004EC57C /* MoviesViewController.swift */; };
		34515F3821638DBD0075936D /* AppDelegate.swift in Sources */ = {isa = PBXBuildFile; fileRef = 34515F3721638DBD0075936D /* AppDelegate.swift */; };
		34515F3D21638DBD0075936D /* Main.storyboard in Resources */ = {isa = PBXBuildFile; fileRef = 34515F3B21638DBD0075936D /* Main.storyboard */; };
		34515F3F21638DBF0075936D /* Assets.xcassets in Resources */ = {isa = PBXBuildFile; fileRef = 34515F3E21638DBF0075936D /* Assets.xcassets */; };
		34515F4221638DBF0075936D /* LaunchScreen.storyboard in Resources */ = {isa = PBXBuildFile; fileRef = 34515F4021638DBF0075936D /* LaunchScreen.storyboard */; };
		34515F4A2163A1880075936D /* MovieRM.swift in Sources */ = {isa = PBXBuildFile; fileRef = 34515F492163A1880075936D /* MovieRM.swift */; };
		34515FB32163AF350075936D /* RxSwift.framework in Frameworks */ = {isa = PBXBuildFile; fileRef = 34515FA92163AF340075936D /* RxSwift.framework */; };
		34515FB42163AF350075936D /* ReactiveSwift.framework in Frameworks */ = {isa = PBXBuildFile; fileRef = 34515FAA2163AF340075936D /* ReactiveSwift.framework */; };
		34515FB52163AF350075936D /* Moya.framework in Frameworks */ = {isa = PBXBuildFile; fileRef = 34515FAB2163AF350075936D /* Moya.framework */; };
		34515FB62163AF350075936D /* Result.framework in Frameworks */ = {isa = PBXBuildFile; fileRef = 34515FAC2163AF350075936D /* Result.framework */; };
		34515FB72163AF350075936D /* RxBlocking.framework in Frameworks */ = {isa = PBXBuildFile; fileRef = 34515FAD2163AF350075936D /* RxBlocking.framework */; };
		34515FB82163AF350075936D /* RxCocoa.framework in Frameworks */ = {isa = PBXBuildFile; fileRef = 34515FAE2163AF350075936D /* RxCocoa.framework */; };
		34515FB92163AF350075936D /* ReactiveMoya.framework in Frameworks */ = {isa = PBXBuildFile; fileRef = 34515FAF2163AF350075936D /* ReactiveMoya.framework */; };
		34515FBA2163AF350075936D /* Alamofire.framework in Frameworks */ = {isa = PBXBuildFile; fileRef = 34515FB02163AF350075936D /* Alamofire.framework */; };
		34515FBB2163AF350075936D /* RxMoya.framework in Frameworks */ = {isa = PBXBuildFile; fileRef = 34515FB12163AF350075936D /* RxMoya.framework */; };
		34515FC22163D4AD0075936D /* MovieApi.swift in Sources */ = {isa = PBXBuildFile; fileRef = 34515FC12163D4AD0075936D /* MovieApi.swift */; };
		346E0518216786B600524A2A /* MoviesTableViewAdapter.swift in Sources */ = {isa = PBXBuildFile; fileRef = 346E0517216786B600524A2A /* MoviesTableViewAdapter.swift */; };
		346E051E2167969800524A2A /* MoviesPresenter.swift in Sources */ = {isa = PBXBuildFile; fileRef = 346E051D2167969800524A2A /* MoviesPresenter.swift */; };
		346E0520216796A300524A2A /* MoviesView.swift in Sources */ = {isa = PBXBuildFile; fileRef = 346E051F216796A300524A2A /* MoviesView.swift */; };
		346E05242167D13900524A2A /* MoviePresenter.swift in Sources */ = {isa = PBXBuildFile; fileRef = 346E05232167D13900524A2A /* MoviePresenter.swift */; };
		346E05262167D14600524A2A /* MovieView.swift in Sources */ = {isa = PBXBuildFile; fileRef = 346E05252167D14600524A2A /* MovieView.swift */; };
/* End PBXBuildFile section */

/* Begin PBXFileReference section */
		344AC4362165056400E203A2 /* MovieViewController.swift */ = {isa = PBXFileReference; lastKnownFileType = sourcecode.swift; path = MovieViewController.swift; sourceTree = "<group>"; };
		344F470C21664EC7004EC57C /* MovieDetailsRM.swift */ = {isa = PBXFileReference; lastKnownFileType = sourcecode.swift; path = MovieDetailsRM.swift; sourceTree = "<group>"; };
		344F470E2166A64D004EC57C /* MoviesViewController.swift */ = {isa = PBXFileReference; lastKnownFileType = sourcecode.swift; path = MoviesViewController.swift; sourceTree = "<group>"; };
		34515F3421638DBD0075936D /* movies.app */ = {isa = PBXFileReference; explicitFileType = wrapper.application; includeInIndex = 0; path = movies.app; sourceTree = BUILT_PRODUCTS_DIR; };
		34515F3721638DBD0075936D /* AppDelegate.swift */ = {isa = PBXFileReference; lastKnownFileType = sourcecode.swift; path = AppDelegate.swift; sourceTree = "<group>"; };
		34515F3C21638DBD0075936D /* Base */ = {isa = PBXFileReference; lastKnownFileType = file.storyboard; name = Base; path = Base.lproj/Main.storyboard; sourceTree = "<group>"; };
		34515F3E21638DBF0075936D /* Assets.xcassets */ = {isa = PBXFileReference; lastKnownFileType = folder.assetcatalog; path = Assets.xcassets; sourceTree = "<group>"; };
		34515F4121638DBF0075936D /* Base */ = {isa = PBXFileReference; lastKnownFileType = file.storyboard; name = Base; path = Base.lproj/LaunchScreen.storyboard; sourceTree = "<group>"; };
		34515F4321638DBF0075936D /* Info.plist */ = {isa = PBXFileReference; lastKnownFileType = text.plist.xml; path = Info.plist; sourceTree = "<group>"; };
		34515F492163A1880075936D /* MovieRM.swift */ = {isa = PBXFileReference; lastKnownFileType = sourcecode.swift; path = MovieRM.swift; sourceTree = "<group>"; };
		34515FA92163AF340075936D /* RxSwift.framework */ = {isa = PBXFileReference; lastKnownFileType = wrapper.framework; name = RxSwift.framework; path = Carthage/Build/iOS/RxSwift.framework; sourceTree = "<group>"; };
		34515FAA2163AF340075936D /* ReactiveSwift.framework */ = {isa = PBXFileReference; lastKnownFileType = wrapper.framework; name = ReactiveSwift.framework; path = Carthage/Build/iOS/ReactiveSwift.framework; sourceTree = "<group>"; };
		34515FAB2163AF350075936D /* Moya.framework */ = {isa = PBXFileReference; lastKnownFileType = wrapper.framework; name = Moya.framework; path = Carthage/Build/iOS/Moya.framework; sourceTree = "<group>"; };
		34515FAC2163AF350075936D /* Result.framework */ = {isa = PBXFileReference; lastKnownFileType = wrapper.framework; name = Result.framework; path = Carthage/Build/iOS/Result.framework; sourceTree = "<group>"; };
		34515FAD2163AF350075936D /* RxBlocking.framework */ = {isa = PBXFileReference; lastKnownFileType = wrapper.framework; name = RxBlocking.framework; path = Carthage/Build/iOS/RxBlocking.framework; sourceTree = "<group>"; };
		34515FAE2163AF350075936D /* RxCocoa.framework */ = {isa = PBXFileReference; lastKnownFileType = wrapper.framework; name = RxCocoa.framework; path = Carthage/Build/iOS/RxCocoa.framework; sourceTree = "<group>"; };
		34515FAF2163AF350075936D /* ReactiveMoya.framework */ = {isa = PBXFileReference; lastKnownFileType = wrapper.framework; name = ReactiveMoya.framework; path = Carthage/Build/iOS/ReactiveMoya.framework; sourceTree = "<group>"; };
		34515FB02163AF350075936D /* Alamofire.framework */ = {isa = PBXFileReference; lastKnownFileType = wrapper.framework; name = Alamofire.framework; path = Carthage/Build/iOS/Alamofire.framework; sourceTree = "<group>"; };
		34515FB12163AF350075936D /* RxMoya.framework */ = {isa = PBXFileReference; lastKnownFileType = wrapper.framework; name = RxMoya.framework; path = Carthage/Build/iOS/RxMoya.framework; sourceTree = "<group>"; };
		34515FC12163D4AD0075936D /* MovieApi.swift */ = {isa = PBXFileReference; lastKnownFileType = sourcecode.swift; path = MovieApi.swift; sourceTree = "<group>"; };
		346E0517216786B600524A2A /* MoviesTableViewAdapter.swift */ = {isa = PBXFileReference; lastKnownFileType = sourcecode.swift; path = MoviesTableViewAdapter.swift; sourceTree = "<group>"; };
		346E051D2167969800524A2A /* MoviesPresenter.swift */ = {isa = PBXFileReference; lastKnownFileType = sourcecode.swift; path = MoviesPresenter.swift; sourceTree = "<group>"; };
		346E051F216796A300524A2A /* MoviesView.swift */ = {isa = PBXFileReference; lastKnownFileType = sourcecode.swift; path = MoviesView.swift; sourceTree = "<group>"; };
		346E05232167D13900524A2A /* MoviePresenter.swift */ = {isa = PBXFileReference; lastKnownFileType = sourcecode.swift; path = MoviePresenter.swift; sourceTree = "<group>"; };
		346E05252167D14600524A2A /* MovieView.swift */ = {isa = PBXFileReference; lastKnownFileType = sourcecode.swift; path = MovieView.swift; sourceTree = "<group>"; };
/* End PBXFileReference section */

/* Begin PBXFrameworksBuildPhase section */
		34515F3121638DBC0075936D /* Frameworks */ = {
			isa = PBXFrameworksBuildPhase;
			buildActionMask = 2147483647;
			files = (
				34515FBB2163AF350075936D /* RxMoya.framework in Frameworks */,
				34515FB52163AF350075936D /* Moya.framework in Frameworks */,
				34515FBA2163AF350075936D /* Alamofire.framework in Frameworks */,
				34515FB32163AF350075936D /* RxSwift.framework in Frameworks */,
				34515FB82163AF350075936D /* RxCocoa.framework in Frameworks */,
				34515FB92163AF350075936D /* ReactiveMoya.framework in Frameworks */,
				34515FB62163AF350075936D /* Result.framework in Frameworks */,
				34515FB42163AF350075936D /* ReactiveSwift.framework in Frameworks */,
				34515FB72163AF350075936D /* RxBlocking.framework in Frameworks */,
			);
			runOnlyForDeploymentPostprocessing = 0;
		};
/* End PBXFrameworksBuildPhase section */

/* Begin PBXGroup section */
		34515F2B21638DBC0075936D = {
			isa = PBXGroup;
			children = (
				34515FA62163AE430075936D /* Framework */,
				34515F3621638DBD0075936D /* movies */,
				34515F3521638DBD0075936D /* Products */,
			);
			sourceTree = "<group>";
		};
		34515F3521638DBD0075936D /* Products */ = {
			isa = PBXGroup;
			children = (
				34515F3421638DBD0075936D /* movies.app */,
			);
			name = Products;
			sourceTree = "<group>";
		};
		34515F3621638DBD0075936D /* movies */ = {
			isa = PBXGroup;
			children = (
				346E052221679CFA00524A2A /* MovieDetails */,
				346E052121679CF000524A2A /* MovieList */,
				34515FBE2163BB210075936D /* Api */,
				34515F3721638DBD0075936D /* AppDelegate.swift */,
				34515F3B21638DBD0075936D /* Main.storyboard */,
				34515F3E21638DBF0075936D /* Assets.xcassets */,
				34515F4021638DBF0075936D /* LaunchScreen.storyboard */,
				34515F4321638DBF0075936D /* Info.plist */,
			);
			path = movies;
			sourceTree = "<group>";
		};
		34515FA62163AE430075936D /* Framework */ = {
			isa = PBXGroup;
			children = (
				34515FB02163AF350075936D /* Alamofire.framework */,
				34515FAB2163AF350075936D /* Moya.framework */,
				34515FAF2163AF350075936D /* ReactiveMoya.framework */,
				34515FAA2163AF340075936D /* ReactiveSwift.framework */,
				34515FAC2163AF350075936D /* Result.framework */,
				34515FAD2163AF350075936D /* RxBlocking.framework */,
				34515FAE2163AF350075936D /* RxCocoa.framework */,
				34515FB12163AF350075936D /* RxMoya.framework */,
				34515FA92163AF340075936D /* RxSwift.framework */,
			);
			name = Framework;
			sourceTree = "<group>";
		};
		34515FBE2163BB210075936D /* Api */ = {
			isa = PBXGroup;
			children = (
				34515FC12163D4AD0075936D /* MovieApi.swift */,
			);
			path = Api;
			sourceTree = "<group>";
		};
		346E052121679CF000524A2A /* MovieList */ = {
			isa = PBXGroup;
			children = (
				346E051D2167969800524A2A /* MoviesPresenter.swift */,
				346E051F216796A300524A2A /* MoviesView.swift */,
				346E0517216786B600524A2A /* MoviesTableViewAdapter.swift */,
				344F470E2166A64D004EC57C /* MoviesViewController.swift */,
				34515F492163A1880075936D /* MovieRM.swift */,
			);
			path = MovieList;
			sourceTree = "<group>";
		};
		346E052221679CFA00524A2A /* MovieDetails */ = {
			isa = PBXGroup;
			children = (
				344AC4362165056400E203A2 /* MovieViewController.swift */,
				344F470C21664EC7004EC57C /* MovieDetailsRM.swift */,
				346E05232167D13900524A2A /* MoviePresenter.swift */,
				346E05252167D14600524A2A /* MovieView.swift */,
			);
			path = MovieDetails;
			sourceTree = "<group>";
		};
/* End PBXGroup section */

/* Begin PBXNativeTarget section */
		34515F3321638DBC0075936D /* movies */ = {
			isa = PBXNativeTarget;
			buildConfigurationList = 34515F4621638DBF0075936D /* Build configuration list for PBXNativeTarget "movies" */;
			buildPhases = (
				34515F3021638DBC0075936D /* Sources */,
				34515F3121638DBC0075936D /* Frameworks */,
				34515F3221638DBC0075936D /* Resources */,
				34515FBC2163AF5B0075936D /* ShellScript */,
			);
			buildRules = (
			);
			dependencies = (
			);
			name = movies;
			productName = movies;
			productReference = 34515F3421638DBD0075936D /* movies.app */;
			productType = "com.apple.product-type.application";
		};
/* End PBXNativeTarget section */

/* Begin PBXProject section */
		34515F2C21638DBC0075936D /* Project object */ = {
			isa = PBXProject;
			attributes = {
				LastSwiftUpdateCheck = 1000;
				LastUpgradeCheck = 1000;
				ORGANIZATIONNAME = "Bruno Morgan";
				TargetAttributes = {
					34515F3321638DBC0075936D = {
						CreatedOnToolsVersion = 10.0;
					};
				};
			};
			buildConfigurationList = 34515F2F21638DBC0075936D /* Build configuration list for PBXProject "movies" */;
			compatibilityVersion = "Xcode 9.3";
			developmentRegion = en;
			hasScannedForEncodings = 0;
			knownRegions = (
				en,
				Base,
			);
			mainGroup = 34515F2B21638DBC0075936D;
			productRefGroup = 34515F3521638DBD0075936D /* Products */;
			projectDirPath = "";
			projectRoot = "";
			targets = (
				34515F3321638DBC0075936D /* movies */,
			);
		};
/* End PBXProject section */

/* Begin PBXResourcesBuildPhase section */
		34515F3221638DBC0075936D /* Resources */ = {
			isa = PBXResourcesBuildPhase;
			buildActionMask = 2147483647;
			files = (
				34515F4221638DBF0075936D /* LaunchScreen.storyboard in Resources */,
				34515F3F21638DBF0075936D /* Assets.xcassets in Resources */,
				34515F3D21638DBD0075936D /* Main.storyboard in Resources */,
			);
			runOnlyForDeploymentPostprocessing = 0;
		};
/* End PBXResourcesBuildPhase section */

/* Begin PBXShellScriptBuildPhase section */
		34515FBC2163AF5B0075936D /* ShellScript */ = {
			isa = PBXShellScriptBuildPhase;
			buildActionMask = 2147483647;
			files = (
			);
			inputFileListPaths = (
			);
			inputPaths = (
				"$(SRCROOT)/Carthage/Build/iOS/Alamofire.framework",
				"$(SRCROOT)/Carthage/Build/iOS/Moya.framework",
				"$(SRCROOT)/Carthage/Build/iOS/ReactiveMoya.framework",
				"$(SRCROOT)/Carthage/Build/iOS/ReactiveSwift.framework",
				"$(SRCROOT)/Carthage/Build/iOS/Result.framework",
				"$(SRCROOT)/Carthage/Build/iOS/RxBlocking.framework",
				"$(SRCROOT)/Carthage/Build/iOS/RxCocoa.framework",
				"$(SRCROOT)/Carthage/Build/iOS/RxMoya.framework",
				"$(SRCROOT)/Carthage/Build/iOS/RxSwift.framework",
				"$(SRCROOT)/Carthage/Build/iOS/Kingfisher.framework",
			);
			outputFileListPaths = (
			);
			outputPaths = (
				"$(BUILT_PRODUCTS_DIR)/$(FRAMEWORKS_FOLDER_PATH)/Alamofire.framework",
				"$(BUILT_PRODUCTS_DIR)/$(FRAMEWORKS_FOLDER_PATH)/Moya.framework",
				"$(BUILT_PRODUCTS_DIR)/$(FRAMEWORKS_FOLDER_PATH)/ReactiveMoya.framework",
				"$(BUILT_PRODUCTS_DIR)/$(FRAMEWORKS_FOLDER_PATH)/ReactiveSwift.framework",
				"$(BUILT_PRODUCTS_DIR)/$(FRAMEWORKS_FOLDER_PATH)/Result.framework",
				"$(BUILT_PRODUCTS_DIR)/$(FRAMEWORKS_FOLDER_PATH)/RxBlocking.framework",
				"$(BUILT_PRODUCTS_DIR)/$(FRAMEWORKS_FOLDER_PATH)/RxCocoa.framework",
				"$(BUILT_PRODUCTS_DIR)/$(FRAMEWORKS_FOLDER_PATH)/RxMoya.framework",
				"$(BUILT_PRODUCTS_DIR)/$(FRAMEWORKS_FOLDER_PATH)/RxSwift.framework",
			);
			runOnlyForDeploymentPostprocessing = 0;
			shellPath = /bin/sh;
			shellScript = "# Type a script or drag a script file from your workspace to insert its path.\n/usr/local/bin/carthage copy-frameworks\n";
		};
/* End PBXShellScriptBuildPhase section */

/* Begin PBXSourcesBuildPhase section */
		34515F3021638DBC0075936D /* Sources */ = {
			isa = PBXSourcesBuildPhase;
			buildActionMask = 2147483647;
			files = (
				34515F3821638DBD0075936D /* AppDelegate.swift in Sources */,
				344AC4372165056400E203A2 /* MovieViewController.swift in Sources */,
				344F470D21664EC7004EC57C /* MovieDetailsRM.swift in Sources */,
				346E05242167D13900524A2A /* MoviePresenter.swift in Sources */,
				346E051E2167969800524A2A /* MoviesPresenter.swift in Sources */,
				34515FC22163D4AD0075936D /* MovieApi.swift in Sources */,
				344F470F2166A64D004EC57C /* MoviesViewController.swift in Sources */,
				346E0518216786B600524A2A /* MoviesTableViewAdapter.swift in Sources */,
				346E0520216796A300524A2A /* MoviesView.swift in Sources */,
				34515F4A2163A1880075936D /* MovieRM.swift in Sources */,
				346E05262167D14600524A2A /* MovieView.swift in Sources */,
			);
			runOnlyForDeploymentPostprocessing = 0;
		};
/* End PBXSourcesBuildPhase section */

/* Begin PBXVariantGroup section */
		34515F3B21638DBD0075936D /* Main.storyboard */ = {
			isa = PBXVariantGroup;
			children = (
				34515F3C21638DBD0075936D /* Base */,
			);
			name = Main.storyboard;
			sourceTree = "<group>";
		};
		34515F4021638DBF0075936D /* LaunchScreen.storyboard */ = {
			isa = PBXVariantGroup;
			children = (
				34515F4121638DBF0075936D /* Base */,
			);
			name = LaunchScreen.storyboard;
			sourceTree = "<group>";
		};
/* End PBXVariantGroup section */

/* Begin XCBuildConfiguration section */
		34515F4421638DBF0075936D /* Debug */ = {
			isa = XCBuildConfiguration;
			buildSettings = {
				ALWAYS_SEARCH_USER_PATHS = NO;
				CLANG_ANALYZER_NONNULL = YES;
				CLANG_ANALYZER_NUMBER_OBJECT_CONVERSION = YES_AGGRESSIVE;
				CLANG_CXX_LANGUAGE_STANDARD = "gnu++14";
				CLANG_CXX_LIBRARY = "libc++";
				CLANG_ENABLE_MODULES = YES;
				CLANG_ENABLE_OBJC_ARC = YES;
				CLANG_ENABLE_OBJC_WEAK = YES;
				CLANG_WARN_BLOCK_CAPTURE_AUTORELEASING = YES;
				CLANG_WARN_BOOL_CONVERSION = YES;
				CLANG_WARN_COMMA = YES;
				CLANG_WARN_CONSTANT_CONVERSION = YES;
				CLANG_WARN_DEPRECATED_OBJC_IMPLEMENTATIONS = YES;
				CLANG_WARN_DIRECT_OBJC_ISA_USAGE = YES_ERROR;
				CLANG_WARN_DOCUMENTATION_COMMENTS = YES;
				CLANG_WARN_EMPTY_BODY = YES;
				CLANG_WARN_ENUM_CONVERSION = YES;
				CLANG_WARN_INFINITE_RECURSION = YES;
				CLANG_WARN_INT_CONVERSION = YES;
				CLANG_WARN_NON_LITERAL_NULL_CONVERSION = YES;
				CLANG_WARN_OBJC_IMPLICIT_RETAIN_SELF = YES;
				CLANG_WARN_OBJC_LITERAL_CONVERSION = YES;
				CLANG_WARN_OBJC_ROOT_CLASS = YES_ERROR;
				CLANG_WARN_RANGE_LOOP_ANALYSIS = YES;
				CLANG_WARN_STRICT_PROTOTYPES = YES;
				CLANG_WARN_SUSPICIOUS_MOVE = YES;
				CLANG_WARN_UNGUARDED_AVAILABILITY = YES_AGGRESSIVE;
				CLANG_WARN_UNREACHABLE_CODE = YES;
				CLANG_WARN__DUPLICATE_METHOD_MATCH = YES;
				CODE_SIGN_IDENTITY = "iPhone Developer";
				COPY_PHASE_STRIP = NO;
				DEBUG_INFORMATION_FORMAT = dwarf;
				ENABLE_STRICT_OBJC_MSGSEND = YES;
				ENABLE_TESTABILITY = YES;
				GCC_C_LANGUAGE_STANDARD = gnu11;
				GCC_DYNAMIC_NO_PIC = NO;
				GCC_NO_COMMON_BLOCKS = YES;
				GCC_OPTIMIZATION_LEVEL = 0;
				GCC_PREPROCESSOR_DEFINITIONS = (
					"DEBUG=1",
					"$(inherited)",
				);
				GCC_WARN_64_TO_32_BIT_CONVERSION = YES;
				GCC_WARN_ABOUT_RETURN_TYPE = YES_ERROR;
				GCC_WARN_UNDECLARED_SELECTOR = YES;
				GCC_WARN_UNINITIALIZED_AUTOS = YES_AGGRESSIVE;
				GCC_WARN_UNUSED_FUNCTION = YES;
				GCC_WARN_UNUSED_VARIABLE = YES;
				IPHONEOS_DEPLOYMENT_TARGET = 12.0;
				MTL_ENABLE_DEBUG_INFO = INCLUDE_SOURCE;
				MTL_FAST_MATH = YES;
				ONLY_ACTIVE_ARCH = YES;
				SDKROOT = iphoneos;
				SWIFT_ACTIVE_COMPILATION_CONDITIONS = DEBUG;
				SWIFT_OPTIMIZATION_LEVEL = "-Onone";
			};
			name = Debug;
		};
		34515F4521638DBF0075936D /* Release */ = {
			isa = XCBuildConfiguration;
			buildSettings = {
				ALWAYS_SEARCH_USER_PATHS = NO;
				CLANG_ANALYZER_NONNULL = YES;
				CLANG_ANALYZER_NUMBER_OBJECT_CONVERSION = YES_AGGRESSIVE;
				CLANG_CXX_LANGUAGE_STANDARD = "gnu++14";
				CLANG_CXX_LIBRARY = "libc++";
				CLANG_ENABLE_MODULES = YES;
				CLANG_ENABLE_OBJC_ARC = YES;
				CLANG_ENABLE_OBJC_WEAK = YES;
				CLANG_WARN_BLOCK_CAPTURE_AUTORELEASING = YES;
				CLANG_WARN_BOOL_CONVERSION = YES;
				CLANG_WARN_COMMA = YES;
				CLANG_WARN_CONSTANT_CONVERSION = YES;
				CLANG_WARN_DEPRECATED_OBJC_IMPLEMENTATIONS = YES;
				CLANG_WARN_DIRECT_OBJC_ISA_USAGE = YES_ERROR;
				CLANG_WARN_DOCUMENTATION_COMMENTS = YES;
				CLANG_WARN_EMPTY_BODY = YES;
				CLANG_WARN_ENUM_CONVERSION = YES;
				CLANG_WARN_INFINITE_RECURSION = YES;
				CLANG_WARN_INT_CONVERSION = YES;
				CLANG_WARN_NON_LITERAL_NULL_CONVERSION = YES;
				CLANG_WARN_OBJC_IMPLICIT_RETAIN_SELF = YES;
				CLANG_WARN_OBJC_LITERAL_CONVERSION = YES;
				CLANG_WARN_OBJC_ROOT_CLASS = YES_ERROR;
				CLANG_WARN_RANGE_LOOP_ANALYSIS = YES;
				CLANG_WARN_STRICT_PROTOTYPES = YES;
				CLANG_WARN_SUSPICIOUS_MOVE = YES;
				CLANG_WARN_UNGUARDED_AVAILABILITY = YES_AGGRESSIVE;
				CLANG_WARN_UNREACHABLE_CODE = YES;
				CLANG_WARN__DUPLICATE_METHOD_MATCH = YES;
				CODE_SIGN_IDENTITY = "iPhone Developer";
				COPY_PHASE_STRIP = NO;
				DEBUG_INFORMATION_FORMAT = "dwarf-with-dsym";
				ENABLE_NS_ASSERTIONS = NO;
				ENABLE_STRICT_OBJC_MSGSEND = YES;
				GCC_C_LANGUAGE_STANDARD = gnu11;
				GCC_NO_COMMON_BLOCKS = YES;
				GCC_WARN_64_TO_32_BIT_CONVERSION = YES;
				GCC_WARN_ABOUT_RETURN_TYPE = YES_ERROR;
				GCC_WARN_UNDECLARED_SELECTOR = YES;
				GCC_WARN_UNINITIALIZED_AUTOS = YES_AGGRESSIVE;
				GCC_WARN_UNUSED_FUNCTION = YES;
				GCC_WARN_UNUSED_VARIABLE = YES;
				IPHONEOS_DEPLOYMENT_TARGET = 12.0;
				MTL_ENABLE_DEBUG_INFO = NO;
				MTL_FAST_MATH = YES;
				SDKROOT = iphoneos;
				SWIFT_COMPILATION_MODE = wholemodule;
				SWIFT_OPTIMIZATION_LEVEL = "-O";
				VALIDATE_PRODUCT = YES;
			};
			name = Release;
		};
		34515F4721638DBF0075936D /* Debug */ = {
			isa = XCBuildConfiguration;
			buildSettings = {
				ASSETCATALOG_COMPILER_APPICON_NAME = AppIcon;
				CODE_SIGN_STYLE = Automatic;
				DEVELOPMENT_TEAM = 4EZK9PR9TK;
				FRAMEWORK_SEARCH_PATHS = (
					"$(inherited)",
					"$(PROJECT_DIR)/Carthage/Build/iOS",
				);
				INFOPLIST_FILE = movies/Info.plist;
				IPHONEOS_DEPLOYMENT_TARGET = 10.0;
				LD_RUNPATH_SEARCH_PATHS = (
					"$(inherited)",
					"@executable_path/Frameworks",
				);
				PRODUCT_BUNDLE_IDENTIFIER = token.movies;
				PRODUCT_NAME = "$(TARGET_NAME)";
				SWIFT_VERSION = 4.2;
				TARGETED_DEVICE_FAMILY = "1,2";
			};
			name = Debug;
		};
		34515F4821638DBF0075936D /* Release */ = {
			isa = XCBuildConfiguration;
			buildSettings = {
				ASSETCATALOG_COMPILER_APPICON_NAME = AppIcon;
				CODE_SIGN_STYLE = Automatic;
				DEVELOPMENT_TEAM = 4EZK9PR9TK;
				FRAMEWORK_SEARCH_PATHS = (
					"$(inherited)",
					"$(PROJECT_DIR)/Carthage/Build/iOS",
				);
				INFOPLIST_FILE = movies/Info.plist;
				IPHONEOS_DEPLOYMENT_TARGET = 10.0;
				LD_RUNPATH_SEARCH_PATHS = (
					"$(inherited)",
					"@executable_path/Frameworks",
				);
				PRODUCT_BUNDLE_IDENTIFIER = token.movies;
				PRODUCT_NAME = "$(TARGET_NAME)";
				SWIFT_VERSION = 4.2;
				TARGETED_DEVICE_FAMILY = "1,2";
			};
			name = Release;
		};
/* End XCBuildConfiguration section */

/* Begin XCConfigurationList section */
		34515F2F21638DBC0075936D /* Build configuration list for PBXProject "movies" */ = {
			isa = XCConfigurationList;
			buildConfigurations = (
				34515F4421638DBF0075936D /* Debug */,
				34515F4521638DBF0075936D /* Release */,
			);
			defaultConfigurationIsVisible = 0;
			defaultConfigurationName = Release;
		};
		34515F4621638DBF0075936D /* Build configuration list for PBXNativeTarget "movies" */ = {
			isa = XCConfigurationList;
			buildConfigurations = (
				34515F4721638DBF0075936D /* Debug */,
				34515F4821638DBF0075936D /* Release */,
			);
			defaultConfigurationIsVisible = 0;
			defaultConfigurationName = Release;
		};
/* End XCConfigurationList section */
	};
	rootObject = 34515F2C21638DBC0075936D /* Project object */;
}
